
Microsoft Visual Studio Solution File, Format Version 12.00
# Visual Studio Version 16
VisualStudioVersion = 16.0.30011.22
MinimumVisualStudioVersion = 10.0.40219.1
Project("{FAE04EC0-301F-11D3-BF4B-00C04F79EFBC}") = "InteractionBetween", "InteractionBetween\InteractionBetween.csproj", "{B09A54FF-9F1E-47AB-962F-6CF90FAB3D5E}"
EndProject
Project("{FAE04EC0-301F-11D3-BF4B-00C04F79EFBC}") = "Simulation", "Simulation\Simulation.csproj", "{851CB902-1A84-48E1-ACCB-397CE9B5909A}"
EndProject
Global
	GlobalSection(SolutionConfigurationPlatforms) = preSolution
		Debug|Any CPU = Debug|Any CPU
		Release|Any CPU = Release|Any CPU
	EndGlobalSection
	GlobalSection(ProjectConfigurationPlatforms) = postSolution
		{B09A54FF-9F1E-47AB-962F-6CF90FAB3D5E}.Debug|Any CPU.ActiveCfg = Debug|Any CPU
		{B09A54FF-9F1E-47AB-962F-6CF90FAB3D5E}.Debug|Any CPU.Build.0 = Debug|Any CPU
		{B09A54FF-9F1E-47AB-962F-6CF90FAB3D5E}.Release|Any CPU.ActiveCfg = Release|Any CPU
		{B09A54FF-9F1E-47AB-962F-6CF90FAB3D5E}.Release|Any CPU.Build.0 = Release|Any CPU
		{851CB902-1A84-48E1-ACCB-397CE9B5909A}.Debug|Any CPU.ActiveCfg = Debug|Any CPU
		{851CB902-1A84-48E1-ACCB-397CE9B5909A}.Debug|Any CPU.Build.0 = Debug|Any CPU
		{851CB902-1A84-48E1-ACCB-397CE9B5909A}.Release|Any CPU.ActiveCfg = Release|Any CPU
		{851CB902-1A84-48E1-ACCB-397CE9B5909A}.Release|Any CPU.Build.0 = Release|Any CPU
	EndGlobalSection
	GlobalSection(SolutionProperties) = preSolution
		HideSolutionNode = FALSE
	EndGlobalSection
	GlobalSection(ExtensibilityGlobals) = postSolution
		SolutionGuid = {EEF90B4C-00DD-4052-ACC7-015E1E329FE2}
	EndGlobalSection
EndGlobal
